<?xml version="1.0" encoding="utf-8"?>
<Project ToolsVersion="4.0" xmlns="http://schemas.microsoft.com/developer/msbuild/2003">
  <ItemGroup>
    <Filter Include="소스 파일">
      <UniqueIdentifier>{4FC737F1-C7A5-4376-A066-2A32D752A2FF}</UniqueIdentifier>
      <Extensions>cpp;c;cc;cxx;def;odl;idl;hpj;bat;asm;asmx</Extensions>
    </Filter>
    <Filter Include="헤더 파일">
      <UniqueIdentifier>{93995380-89BD-4b04-88EB-625FBE52EBFB}</UniqueIdentifier>
      <Extensions>h;hpp;hxx;hm;inl;inc;xsd</Extensions>
    </Filter>
    <Filter Include="리소스 파일">
      <UniqueIdentifier>{67DA6AB6-F800-4c08-8B7A-83BB121AAD01}</UniqueIdentifier>
      <Extensions>rc;ico;cur;bmp;dlg;rc2;rct;bin;rgs;gif;jpg;jpeg;jpe;resx;tiff;tif;png;wav;mfcribbon-ms</Extensions>
    </Filter>
    <Filter Include="소스 파일\_all">
      <UniqueIdentifier>{6f93a36e-f4b8-4f17-9ca3-87fe9c04282b}</UniqueIdentifier>
    </Filter>
    <Filter Include="소스 파일\win32">
      <UniqueIdentifier>{e203f554-337a-407c-b9d6-3c07970b1bae}</UniqueIdentifier>
    </Filter>
  </ItemGroup>
  <ItemGroup>
    <ClCompile Include="..\..\src\base\src\_all\xg_base64.c">
      <Filter>소스 파일\_all</Filter>
    </ClCompile>
    <ClCompile Include="..\..\src\base\src\_all\xg_hashtb.c">
      <Filter>소스 파일\_all</Filter>
    </ClCompile>
    <ClCompile Include="..\..\src\base\src\_all\xg_log.c">
      <Filter>소스 파일\_all</Filter>
    </ClCompile>
    <ClCompile Include="..\..\src\base\src\win32\xg_arrays.c">
      <Filter>소스 파일\win32</Filter>
    </ClCompile>
    <ClCompile Include="..\..\src\base\src\win32\xg_atomic.c">
      <Filter>소스 파일\win32</Filter>
    </ClCompile>
    <ClCompile Include="..\..\src\base\src\win32\xg_clock.c">
      <Filter>소스 파일\win32</Filter>
    </ClCompile>
    <ClCompile Include="..\..\src\base\src\win32\xg_ctype.c">
      <Filter>소스 파일\win32</Filter>
    </ClCompile>
    <ClCompile Include="..\..\src\base\src\win32\xg_dso.c">
      <Filter>소스 파일\win32</Filter>
    </ClCompile>
    <ClCompile Include="..\..\src\base\src\win32\xg_env.c">
      <Filter>소스 파일\win32</Filter>
    </ClCompile>
    <ClCompile Include="..\..\src\base\src\win32\xg_fd.c">
      <Filter>소스 파일\win32</Filter>
    </ClCompile>
    <ClCompile Include="..\..\src\base\src\win32\xg_file.c">
      <Filter>소스 파일\win32</Filter>
    </ClCompile>
    <ClCompile Include="..\..\src\base\src\win32\xg_mem.c">
      <Filter>소스 파일\win32</Filter>
    </ClCompile>
    <ClCompile Include="..\..\src\base\src\win32\xg_mmap.c">
      <Filter>소스 파일\win32</Filter>
    </ClCompile>
    <ClCompile Include="..\..\src\base\src\win32\xg_poll.c">
      <Filter>소스 파일\win32</Filter>
    </ClCompile>
    <ClCompile Include="..\..\src\base\src\win32\xg_process.c">
      <Filter>소스 파일\win32</Filter>
    </ClCompile>
    <ClCompile Include="..\..\src\base\src\win32\xg_select.c">
      <Filter>소스 파일\win32</Filter>
    </ClCompile>
    <ClCompile Include="..\..\src\base\src\win32\xg_socket.c">
      <Filter>소스 파일\win32</Filter>
    </ClCompile>
    <ClCompile Include="..\..\src\base\src\win32\xg_string.c">
      <Filter>소스 파일\win32</Filter>
    </ClCompile>
    <ClCompile Include="..\..\src\base\src\win32\xg_sysinfo.c">
      <Filter>소스 파일\win32</Filter>
    </ClCompile>
    <ClCompile Include="..\..\src\base\src\win32\xg_thread.c">
      <Filter>소스 파일\win32</Filter>
    </ClCompile>
    <ClCompile Include="..\..\src\base\src\win32\xg_thread_key.c">
      <Filter>소스 파일\win32</Filter>
    </ClCompile>
    <ClCompile Include="..\..\src\base\src\win32\xg_thread_sync.c">
      <Filter>소스 파일\win32</Filter>
    </ClCompile>
  </ItemGroup>
  <ItemGroup>
    <None Include="..\..\src\base\src\win32\xg_atomic_S.asm">
      <Filter>소스 파일\win32</Filter>
    </None>
  </ItemGroup>
  <ItemGroup>
    <ClInclude Include="..\..\src\base\src\win32\xg_fd.h">
      <Filter>소스 파일\win32</Filter>
    </ClInclude>
  </ItemGroup>
</Project>